
Microsoft Visual Studio Solution File, Format Version 12.00
# Visual Studio Version 17
VisualStudioVersion = 17.8.34525.116
MinimumVisualStudioVersion = 10.0.40219.1
Project("{FAE04EC0-301F-11D3-BF4B-00C04F79EFBC}") = "CheckMate", "CheckMate\CheckMate.csproj", "{064BB4C5-A166-4683-9F17-6CEF02A49ED4}"
EndProject
Global
	GlobalSection(SolutionConfigurationPlatforms) = preSolution
		Debug|Any CPU = Debug|Any CPU
		Release|Any CPU = Release|Any CPU
	EndGlobalSection
	GlobalSection(ProjectConfigurationPlatforms) = postSolution
		{064BB4C5-A166-4683-9F17-6CEF02A49ED4}.Debug|Any CPU.ActiveCfg = Debug|Any CPU
		{064BB4C5-A166-4683-9F17-6CEF02A49ED4}.Debug|Any CPU.Build.0 = Debug|Any CPU
		{064BB4C5-A166-4683-9F17-6CEF02A49ED4}.Release|Any CPU.ActiveCfg = Release|Any CPU
		{064BB4C5-A166-4683-9F17-6CEF02A49ED4}.Release|Any CPU.Build.0 = Release|Any CPU
	EndGlobalSection
	GlobalSection(SolutionProperties) = preSolution
		HideSolutionNode = FALSE
	EndGlobalSection
	GlobalSection(ExtensibilityGlobals) = postSolution
		SolutionGuid = {3437B8D1-C155-4672-B5DC-61BA33DD13F3}
	EndGlobalSection
EndGlobal
